{
  "name": "conferencias",
  "version": "1.0.0",
  "lockfileVersion": 3,
  "requires": true,
  "packages": {
    "": {
      "name": "conferencias",
      "version": "1.0.0",
      "license": "ISC",
      "devDependencies": {
        "nodemon": "^3.0.0"
      }
    },
    "node_modules/nodemon": {
      "version": "3.1.9",
      "resolved": "https://registry.npmjs.org/nodemon/-/nodemon-3.1.9.tgz",
      "integrity": "sha512-hYHf0Og4bAY5UQSy4vO4fXTiGFWoWbZsvvO0nE4FIrEkeb7VAGumR0f0h5jLrYpLMi6CepBb8dJZCLLFiOgC4g==",
      "dev": true,
      "bin": {
        "nodemon": "bin/nodemon.js"
      },
      "engines": {
        "node": ">=10"
      },
      "funding": {
        "url": "https://nodemon.io"
      }
    }
  }
}